
Microsoft Visual Studio Solution File, Format Version 12.00
# Visual Studio Version 16
VisualStudioVersion = 16.0.30413.136
MinimumVisualStudioVersion = 10.0.40219.1
Project("{9A19103F-16F7-4668-BE54-9A1E7A4F7556}") = "Homework1", "scr\Homework1\Homework1.csproj", "{AAF8BC9F-7784-4912-AD6E-5A0E80F012AB}"
EndProject
Project("{9A19103F-16F7-4668-BE54-9A1E7A4F7556}") = "Homework2", "scr\Homework2\Homework2.csproj", "{A370647A-25A9-4555-AF48-BD4BDAFB9175}"
EndProject
Project("{9A19103F-16F7-4668-BE54-9A1E7A4F7556}") = "Homework3", "scr\Homework3\Homework3.csproj", "{7B5C467D-011E-4E76-A051-6EC804DD7B66}"
EndProject
Project("{9A19103F-16F7-4668-BE54-9A1E7A4F7556}") = "Homework4", "scr\Homework4\Homework4.csproj", "{BE5DB91D-5C26-4BAA-9463-61D4A42C84C6}"
EndProject
Project("{9A19103F-16F7-4668-BE54-9A1E7A4F7556}") = "Homework4.1", "scr\Homework4.1\Homework4.1.csproj", "{630F1C2A-EC54-42E4-918F-FB5C7E0BD652}"
EndProject
Project("{9A19103F-16F7-4668-BE54-9A1E7A4F7556}") = "Homework5", "scr\Homework5\Homework5.csproj", "{8A2E4398-E7EA-4755-8F66-A48002339261}"
EndProject
Project("{9A19103F-16F7-4668-BE54-9A1E7A4F7556}") = "Homework6", "scr\Homework6\Homework6.csproj", "{82544D92-95B2-480B-B696-F957C55049B9}"
EndProject
Project("{9A19103F-16F7-4668-BE54-9A1E7A4F7556}") = "Homework7", "scr\Homework7\Homework7.csproj", "{20E0D98E-E036-4A72-ABE9-85F1B177B22C}"
EndProject
Project("{9A19103F-16F7-4668-BE54-9A1E7A4F7556}") = "Homework8", "scr\Homework8\Homework8.csproj", "{E8A7F8DD-E038-4937-8FDB-F9D5330DFBBC}"
EndProject
Global
	GlobalSection(SolutionConfigurationPlatforms) = preSolution
		Debug|Any CPU = Debug|Any CPU
		Release|Any CPU = Release|Any CPU
	EndGlobalSection
	GlobalSection(ProjectConfigurationPlatforms) = postSolution
		{AAF8BC9F-7784-4912-AD6E-5A0E80F012AB}.Debug|Any CPU.ActiveCfg = Debug|Any CPU
		{AAF8BC9F-7784-4912-AD6E-5A0E80F012AB}.Debug|Any CPU.Build.0 = Debug|Any CPU
		{AAF8BC9F-7784-4912-AD6E-5A0E80F012AB}.Release|Any CPU.ActiveCfg = Release|Any CPU
		{AAF8BC9F-7784-4912-AD6E-5A0E80F012AB}.Release|Any CPU.Build.0 = Release|Any CPU
		{A370647A-25A9-4555-AF48-BD4BDAFB9175}.Debug|Any CPU.ActiveCfg = Debug|Any CPU
		{A370647A-25A9-4555-AF48-BD4BDAFB9175}.Debug|Any CPU.Build.0 = Debug|Any CPU
		{A370647A-25A9-4555-AF48-BD4BDAFB9175}.Release|Any CPU.ActiveCfg = Release|Any CPU
		{A370647A-25A9-4555-AF48-BD4BDAFB9175}.Release|Any CPU.Build.0 = Release|Any CPU
		{7B5C467D-011E-4E76-A051-6EC804DD7B66}.Debug|Any CPU.ActiveCfg = Debug|Any CPU
		{7B5C467D-011E-4E76-A051-6EC804DD7B66}.Debug|Any CPU.Build.0 = Debug|Any CPU
		{7B5C467D-011E-4E76-A051-6EC804DD7B66}.Release|Any CPU.ActiveCfg = Release|Any CPU
		{7B5C467D-011E-4E76-A051-6EC804DD7B66}.Release|Any CPU.Build.0 = Release|Any CPU
		{BE5DB91D-5C26-4BAA-9463-61D4A42C84C6}.Debug|Any CPU.ActiveCfg = Debug|Any CPU
		{BE5DB91D-5C26-4BAA-9463-61D4A42C84C6}.Debug|Any CPU.Build.0 = Debug|Any CPU
		{BE5DB91D-5C26-4BAA-9463-61D4A42C84C6}.Release|Any CPU.ActiveCfg = Release|Any CPU
		{BE5DB91D-5C26-4BAA-9463-61D4A42C84C6}.Release|Any CPU.Build.0 = Release|Any CPU
		{630F1C2A-EC54-42E4-918F-FB5C7E0BD652}.Debug|Any CPU.ActiveCfg = Debug|Any CPU
		{630F1C2A-EC54-42E4-918F-FB5C7E0BD652}.Debug|Any CPU.Build.0 = Debug|Any CPU
		{630F1C2A-EC54-42E4-918F-FB5C7E0BD652}.Release|Any CPU.ActiveCfg = Release|Any CPU
		{630F1C2A-EC54-42E4-918F-FB5C7E0BD652}.Release|Any CPU.Build.0 = Release|Any CPU
		{8A2E4398-E7EA-4755-8F66-A48002339261}.Debug|Any CPU.ActiveCfg = Debug|Any CPU
		{8A2E4398-E7EA-4755-8F66-A48002339261}.Debug|Any CPU.Build.0 = Debug|Any CPU
		{8A2E4398-E7EA-4755-8F66-A48002339261}.Release|Any CPU.ActiveCfg = Release|Any CPU
		{8A2E4398-E7EA-4755-8F66-A48002339261}.Release|Any CPU.Build.0 = Release|Any CPU
		{82544D92-95B2-480B-B696-F957C55049B9}.Debug|Any CPU.ActiveCfg = Debug|Any CPU
		{82544D92-95B2-480B-B696-F957C55049B9}.Debug|Any CPU.Build.0 = Debug|Any CPU
		{82544D92-95B2-480B-B696-F957C55049B9}.Release|Any CPU.ActiveCfg = Release|Any CPU
		{82544D92-95B2-480B-B696-F957C55049B9}.Release|Any CPU.Build.0 = Release|Any CPU
		{20E0D98E-E036-4A72-ABE9-85F1B177B22C}.Debug|Any CPU.ActiveCfg = Debug|Any CPU
		{20E0D98E-E036-4A72-ABE9-85F1B177B22C}.Debug|Any CPU.Build.0 = Debug|Any CPU
		{20E0D98E-E036-4A72-ABE9-85F1B177B22C}.Release|Any CPU.ActiveCfg = Release|Any CPU
		{20E0D98E-E036-4A72-ABE9-85F1B177B22C}.Release|Any CPU.Build.0 = Release|Any CPU
		{E8A7F8DD-E038-4937-8FDB-F9D5330DFBBC}.Debug|Any CPU.ActiveCfg = Debug|Any CPU
		{E8A7F8DD-E038-4937-8FDB-F9D5330DFBBC}.Debug|Any CPU.Build.0 = Debug|Any CPU
		{E8A7F8DD-E038-4937-8FDB-F9D5330DFBBC}.Release|Any CPU.ActiveCfg = Release|Any CPU
		{E8A7F8DD-E038-4937-8FDB-F9D5330DFBBC}.Release|Any CPU.Build.0 = Release|Any CPU
	EndGlobalSection
	GlobalSection(SolutionProperties) = preSolution
		HideSolutionNode = FALSE
	EndGlobalSection
	GlobalSection(ExtensibilityGlobals) = postSolution
		SolutionGuid = {34449842-E7B1-4A43-8F47-CFB5FEA381EE}
	EndGlobalSection
EndGlobal
