
Microsoft Visual Studio Solution File, Format Version 12.00
# Visual Studio Version 16
VisualStudioVersion = 16.0.30413.136
MinimumVisualStudioVersion = 10.0.40219.1
Project("{9A19103F-16F7-4668-BE54-9A1E7A4F7556}") = "Homework1", "scr\Homework1\Homework1.csproj", "{AAF8BC9F-7784-4912-AD6E-5A0E80F012AB}"
EndProject
Project("{9A19103F-16F7-4668-BE54-9A1E7A4F7556}") = "Homework2", "scr\Homework2\Homework2.csproj", "{A370647A-25A9-4555-AF48-BD4BDAFB9175}"
EndProject
Project("{FAE04EC0-301F-11D3-BF4B-00C04F79EFBC}") = "Homework3", "scr\Homework3\Homework3.csproj", "{7B5C467D-011E-4E76-A051-6EC804DD7B66}"
EndProject
Global
	GlobalSection(SolutionConfigurationPlatforms) = preSolution
		Debug|Any CPU = Debug|Any CPU
		Release|Any CPU = Release|Any CPU
	EndGlobalSection
	GlobalSection(ProjectConfigurationPlatforms) = postSolution
		{AAF8BC9F-7784-4912-AD6E-5A0E80F012AB}.Debug|Any CPU.ActiveCfg = Debug|Any CPU
		{AAF8BC9F-7784-4912-AD6E-5A0E80F012AB}.Debug|Any CPU.Build.0 = Debug|Any CPU
		{AAF8BC9F-7784-4912-AD6E-5A0E80F012AB}.Release|Any CPU.ActiveCfg = Release|Any CPU
		{AAF8BC9F-7784-4912-AD6E-5A0E80F012AB}.Release|Any CPU.Build.0 = Release|Any CPU
		{A370647A-25A9-4555-AF48-BD4BDAFB9175}.Debug|Any CPU.ActiveCfg = Debug|Any CPU
		{A370647A-25A9-4555-AF48-BD4BDAFB9175}.Debug|Any CPU.Build.0 = Debug|Any CPU
		{A370647A-25A9-4555-AF48-BD4BDAFB9175}.Release|Any CPU.ActiveCfg = Release|Any CPU
		{A370647A-25A9-4555-AF48-BD4BDAFB9175}.Release|Any CPU.Build.0 = Release|Any CPU
		{7B5C467D-011E-4E76-A051-6EC804DD7B66}.Debug|Any CPU.ActiveCfg = Debug|Any CPU
		{7B5C467D-011E-4E76-A051-6EC804DD7B66}.Debug|Any CPU.Build.0 = Debug|Any CPU
		{7B5C467D-011E-4E76-A051-6EC804DD7B66}.Release|Any CPU.ActiveCfg = Release|Any CPU
		{7B5C467D-011E-4E76-A051-6EC804DD7B66}.Release|Any CPU.Build.0 = Release|Any CPU
	EndGlobalSection
	GlobalSection(SolutionProperties) = preSolution
		HideSolutionNode = FALSE
	EndGlobalSection
	GlobalSection(ExtensibilityGlobals) = postSolution
		SolutionGuid = {34449842-E7B1-4A43-8F47-CFB5FEA381EE}
	EndGlobalSection
EndGlobal
